
Microsoft Visual Studio Solution File, Format Version 12.00
# Visual Studio Version 17
VisualStudioVersion = 17.12.35521.163 d17.12
MinimumVisualStudioVersion = 10.0.40219.1
Project("{FAE04EC0-301F-11D3-BF4B-00C04F79EFBC}") = "Storied.TakeHome.Server", "Server\Storied.TakeHome.Server.csproj", "{C1885C6F-FF56-4276-9157-F6A27BF9F13B}"
EndProject
Project("{54A90642-561A-4BB1-A94E-469ADEE60C69}") = "storied.takehome.client", "Client\storied.takehome.client.esproj", "{CB4D83CC-0109-4EA1-9110-00AD916807B0}"
EndProject
Global
	GlobalSection(SolutionConfigurationPlatforms) = preSolution
		Debug|Any CPU = Debug|Any CPU
		Release|Any CPU = Release|Any CPU
	EndGlobalSection
	GlobalSection(ProjectConfigurationPlatforms) = postSolution
		{C1885C6F-FF56-4276-9157-F6A27BF9F13B}.Debug|Any CPU.ActiveCfg = Debug|Any CPU
		{C1885C6F-FF56-4276-9157-F6A27BF9F13B}.Debug|Any CPU.Build.0 = Debug|Any CPU
		{C1885C6F-FF56-4276-9157-F6A27BF9F13B}.Release|Any CPU.ActiveCfg = Release|Any CPU
		{C1885C6F-FF56-4276-9157-F6A27BF9F13B}.Release|Any CPU.Build.0 = Release|Any CPU
		{CB4D83CC-0109-4EA1-9110-00AD916807B0}.Debug|Any CPU.ActiveCfg = Debug|Any CPU
		{CB4D83CC-0109-4EA1-9110-00AD916807B0}.Debug|Any CPU.Build.0 = Debug|Any CPU
		{CB4D83CC-0109-4EA1-9110-00AD916807B0}.Debug|Any CPU.Deploy.0 = Debug|Any CPU
		{CB4D83CC-0109-4EA1-9110-00AD916807B0}.Release|Any CPU.ActiveCfg = Release|Any CPU
		{CB4D83CC-0109-4EA1-9110-00AD916807B0}.Release|Any CPU.Build.0 = Release|Any CPU
		{CB4D83CC-0109-4EA1-9110-00AD916807B0}.Release|Any CPU.Deploy.0 = Release|Any CPU
	EndGlobalSection
	GlobalSection(SolutionProperties) = preSolution
		HideSolutionNode = FALSE
	EndGlobalSection
EndGlobal
